
Microsoft Visual Studio Solution File, Format Version 12.00
# Visual Studio Version 17
VisualStudioVersion = 17.7.34031.279
MinimumVisualStudioVersion = 10.0.40219.1
Project("{FAE04EC0-301F-11D3-BF4B-00C04F79EFBC}") = "lojaXPTO", "lojaXPTO.csproj", "{CC2E0332-7C1A-4734-AD15-0755BFFD698A}"
EndProject
Global
	GlobalSection(SolutionConfigurationPlatforms) = preSolution
		Debug|Any CPU = Debug|Any CPU
		Release|Any CPU = Release|Any CPU
	EndGlobalSection
	GlobalSection(ProjectConfigurationPlatforms) = postSolution
		{CC2E0332-7C1A-4734-AD15-0755BFFD698A}.Debug|Any CPU.ActiveCfg = Debug|Any CPU
		{CC2E0332-7C1A-4734-AD15-0755BFFD698A}.Debug|Any CPU.Build.0 = Debug|Any CPU
		{CC2E0332-7C1A-4734-AD15-0755BFFD698A}.Release|Any CPU.ActiveCfg = Release|Any CPU
		{CC2E0332-7C1A-4734-AD15-0755BFFD698A}.Release|Any CPU.Build.0 = Release|Any CPU
	EndGlobalSection
	GlobalSection(SolutionProperties) = preSolution
		HideSolutionNode = FALSE
	EndGlobalSection
	GlobalSection(ExtensibilityGlobals) = postSolution
		SolutionGuid = {DD42372A-55E9-4434-A6E5-6EB3C9AC2000}
	EndGlobalSection
EndGlobal
